
Microsoft Visual Studio Solution File, Format Version 12.00
# Visual Studio 15
VisualStudioVersion = 15.0.27004.2009
MinimumVisualStudioVersion = 10.0.40219.1
Project("{2150E333-8FDC-42A3-9474-1A3956D46DE8}") = "1 - Presentation", "1 - Presentation", "{D2525D8B-AEC0-4D4A-9387-FFB3AA34F259}"
EndProject
Project("{2150E333-8FDC-42A3-9474-1A3956D46DE8}") = "2 - Services", "2 - Services", "{2703AB4B-522D-4B4A-AFA4-5F62EA8AF849}"
EndProject
Project("{2150E333-8FDC-42A3-9474-1A3956D46DE8}") = "3 - Application", "3 - Application", "{A5635F26-0427-4031-9F0C-44CEC6C917ED}"
EndProject
Project("{2150E333-8FDC-42A3-9474-1A3956D46DE8}") = "4 -Domain", "4 -Domain", "{5EB65A36-F980-4488-9963-F341E84ABAE7}"
EndProject
Project("{2150E333-8FDC-42A3-9474-1A3956D46DE8}") = "5 - Infra", "5 - Infra", "{A8DD53DB-0656-4A4C-98B3-EEEE7F3DB95C}"
EndProject
Project("{2150E333-8FDC-42A3-9474-1A3956D46DE8}") = "5.1 - Data", "5.1 - Data", "{D02C4B7D-FE1B-4147-AA2F-AEA97825EF40}"
EndProject
Project("{2150E333-8FDC-42A3-9474-1A3956D46DE8}") = "5.2 - CrossCutting", "5.2 - CrossCutting", "{71186046-1955-4D50-B9E3-C1E4C86B9CA4}"
EndProject
Project("{9A19103F-16F7-4668-BE54-9A1E7A4F7556}") = "Eventos.IO.Domain", "src\Eventos.IO.Domain\Eventos.IO.Domain.csproj", "{7B39C3B2-6AAB-4D3E-B175-8523D87E3B8A}"
EndProject
Project("{9A19103F-16F7-4668-BE54-9A1E7A4F7556}") = "Eventos.IO.Domain.Core", "src\Eventos.IO.Domain.Core\Eventos.IO.Domain.Core.csproj", "{3C93132E-3F19-4FB7-BD67-DBA2BF321E4E}"
EndProject
Project("{9A19103F-16F7-4668-BE54-9A1E7A4F7556}") = "Eventos.IO.Infra.Data", "src\Eventos.IO.Infra.Data\Eventos.IO.Infra.Data.csproj", "{34AB556C-7CC8-4EC7-B906-3C64FB9FBBF7}"
EndProject
Project("{9A19103F-16F7-4668-BE54-9A1E7A4F7556}") = "Eventos.IO.Application", "src\Eventos.IO.Application\Eventos.IO.Application.csproj", "{5AB7C3A2-8181-445B-B0BD-EEDF5EC20372}"
EndProject
Project("{9A19103F-16F7-4668-BE54-9A1E7A4F7556}") = "Eventos.IO.Site", "src\Eventos.IO.Site\Eventos.IO.Site.csproj", "{3C15201A-80CE-4CE3-B77A-10E9AC34F314}"
EndProject
Project("{9A19103F-16F7-4668-BE54-9A1E7A4F7556}") = "Eventos.IO.Infra.CrossCutting.IoC", "src\Eventos.IO.Infra.CrossCutting.IoC\Eventos.IO.Infra.CrossCutting.IoC.csproj", "{4DBA0FCC-9CAE-4A84-A29F-D9FAB55D6C70}"
EndProject
Project("{9A19103F-16F7-4668-BE54-9A1E7A4F7556}") = "Eventos.IO.Infra.CrossCutting.Bus", "src\Eventos.IO.Infra.CrossCutting.Bus\Eventos.IO.Infra.CrossCutting.Bus.csproj", "{A475A55F-5B30-4CBF-825A-BE87892F4CB0}"
EndProject
Project("{FAE04EC0-301F-11D3-BF4B-00C04F79EFBC}") = "Eventos.IO.Infra.CrossCutting.Identity", "src\Eventos.IO.Infra.CrossCutting.Identity\Eventos.IO.Infra.CrossCutting.Identity.csproj", "{1B65A706-EDD0-4A80-9CE5-EB5DA3E662A4}"
EndProject
Global
	GlobalSection(SolutionConfigurationPlatforms) = preSolution
		Debug|Any CPU = Debug|Any CPU
		Release|Any CPU = Release|Any CPU
	EndGlobalSection
	GlobalSection(ProjectConfigurationPlatforms) = postSolution
		{7B39C3B2-6AAB-4D3E-B175-8523D87E3B8A}.Debug|Any CPU.ActiveCfg = Debug|Any CPU
		{7B39C3B2-6AAB-4D3E-B175-8523D87E3B8A}.Debug|Any CPU.Build.0 = Debug|Any CPU
		{7B39C3B2-6AAB-4D3E-B175-8523D87E3B8A}.Release|Any CPU.ActiveCfg = Release|Any CPU
		{7B39C3B2-6AAB-4D3E-B175-8523D87E3B8A}.Release|Any CPU.Build.0 = Release|Any CPU
		{3C93132E-3F19-4FB7-BD67-DBA2BF321E4E}.Debug|Any CPU.ActiveCfg = Debug|Any CPU
		{3C93132E-3F19-4FB7-BD67-DBA2BF321E4E}.Debug|Any CPU.Build.0 = Debug|Any CPU
		{3C93132E-3F19-4FB7-BD67-DBA2BF321E4E}.Release|Any CPU.ActiveCfg = Release|Any CPU
		{3C93132E-3F19-4FB7-BD67-DBA2BF321E4E}.Release|Any CPU.Build.0 = Release|Any CPU
		{34AB556C-7CC8-4EC7-B906-3C64FB9FBBF7}.Debug|Any CPU.ActiveCfg = Debug|Any CPU
		{34AB556C-7CC8-4EC7-B906-3C64FB9FBBF7}.Debug|Any CPU.Build.0 = Debug|Any CPU
		{34AB556C-7CC8-4EC7-B906-3C64FB9FBBF7}.Release|Any CPU.ActiveCfg = Release|Any CPU
		{34AB556C-7CC8-4EC7-B906-3C64FB9FBBF7}.Release|Any CPU.Build.0 = Release|Any CPU
		{5AB7C3A2-8181-445B-B0BD-EEDF5EC20372}.Debug|Any CPU.ActiveCfg = Debug|Any CPU
		{5AB7C3A2-8181-445B-B0BD-EEDF5EC20372}.Debug|Any CPU.Build.0 = Debug|Any CPU
		{5AB7C3A2-8181-445B-B0BD-EEDF5EC20372}.Release|Any CPU.ActiveCfg = Release|Any CPU
		{5AB7C3A2-8181-445B-B0BD-EEDF5EC20372}.Release|Any CPU.Build.0 = Release|Any CPU
		{3C15201A-80CE-4CE3-B77A-10E9AC34F314}.Debug|Any CPU.ActiveCfg = Debug|Any CPU
		{3C15201A-80CE-4CE3-B77A-10E9AC34F314}.Debug|Any CPU.Build.0 = Debug|Any CPU
		{3C15201A-80CE-4CE3-B77A-10E9AC34F314}.Release|Any CPU.ActiveCfg = Release|Any CPU
		{3C15201A-80CE-4CE3-B77A-10E9AC34F314}.Release|Any CPU.Build.0 = Release|Any CPU
		{4DBA0FCC-9CAE-4A84-A29F-D9FAB55D6C70}.Debug|Any CPU.ActiveCfg = Debug|Any CPU
		{4DBA0FCC-9CAE-4A84-A29F-D9FAB55D6C70}.Debug|Any CPU.Build.0 = Debug|Any CPU
		{4DBA0FCC-9CAE-4A84-A29F-D9FAB55D6C70}.Release|Any CPU.ActiveCfg = Release|Any CPU
		{4DBA0FCC-9CAE-4A84-A29F-D9FAB55D6C70}.Release|Any CPU.Build.0 = Release|Any CPU
		{A475A55F-5B30-4CBF-825A-BE87892F4CB0}.Debug|Any CPU.ActiveCfg = Debug|Any CPU
		{A475A55F-5B30-4CBF-825A-BE87892F4CB0}.Debug|Any CPU.Build.0 = Debug|Any CPU
		{A475A55F-5B30-4CBF-825A-BE87892F4CB0}.Release|Any CPU.ActiveCfg = Release|Any CPU
		{A475A55F-5B30-4CBF-825A-BE87892F4CB0}.Release|Any CPU.Build.0 = Release|Any CPU
		{1B65A706-EDD0-4A80-9CE5-EB5DA3E662A4}.Debug|Any CPU.ActiveCfg = Debug|Any CPU
		{1B65A706-EDD0-4A80-9CE5-EB5DA3E662A4}.Debug|Any CPU.Build.0 = Debug|Any CPU
		{1B65A706-EDD0-4A80-9CE5-EB5DA3E662A4}.Release|Any CPU.ActiveCfg = Release|Any CPU
		{1B65A706-EDD0-4A80-9CE5-EB5DA3E662A4}.Release|Any CPU.Build.0 = Release|Any CPU
	EndGlobalSection
	GlobalSection(SolutionProperties) = preSolution
		HideSolutionNode = FALSE
	EndGlobalSection
	GlobalSection(NestedProjects) = preSolution
		{D02C4B7D-FE1B-4147-AA2F-AEA97825EF40} = {A8DD53DB-0656-4A4C-98B3-EEEE7F3DB95C}
		{71186046-1955-4D50-B9E3-C1E4C86B9CA4} = {A8DD53DB-0656-4A4C-98B3-EEEE7F3DB95C}
		{7B39C3B2-6AAB-4D3E-B175-8523D87E3B8A} = {5EB65A36-F980-4488-9963-F341E84ABAE7}
		{3C93132E-3F19-4FB7-BD67-DBA2BF321E4E} = {5EB65A36-F980-4488-9963-F341E84ABAE7}
		{34AB556C-7CC8-4EC7-B906-3C64FB9FBBF7} = {D02C4B7D-FE1B-4147-AA2F-AEA97825EF40}
		{5AB7C3A2-8181-445B-B0BD-EEDF5EC20372} = {A5635F26-0427-4031-9F0C-44CEC6C917ED}
		{3C15201A-80CE-4CE3-B77A-10E9AC34F314} = {D2525D8B-AEC0-4D4A-9387-FFB3AA34F259}
		{4DBA0FCC-9CAE-4A84-A29F-D9FAB55D6C70} = {71186046-1955-4D50-B9E3-C1E4C86B9CA4}
		{A475A55F-5B30-4CBF-825A-BE87892F4CB0} = {71186046-1955-4D50-B9E3-C1E4C86B9CA4}
		{1B65A706-EDD0-4A80-9CE5-EB5DA3E662A4} = {71186046-1955-4D50-B9E3-C1E4C86B9CA4}
	EndGlobalSection
	GlobalSection(ExtensibilityGlobals) = postSolution
		SolutionGuid = {214AEA8C-3274-4560-9A9C-5643B2E941A9}
	EndGlobalSection
EndGlobal
